
Microsoft Visual Studio Solution File, Format Version 12.00
# Visual Studio 15
VisualStudioVersion = 15.0.34930.48
MinimumVisualStudioVersion = 10.0.40219.1
Project("{2150E333-8FDC-42A3-9474-1A3956D46DE8}") = "Solution Items", "Solution Items", "{69179D08-BD06-43D9-8D14-1009A5D76911}"
	ProjectSection(SolutionItems) = preProject
		calc.css = calc.css
		calc.html = calc.html
		index.html = index.html
		style.css = style.css
	EndProjectSection
EndProject
Global
	GlobalSection(SolutionProperties) = preSolution
		HideSolutionNode = FALSE
	EndGlobalSection
	GlobalSection(ExtensibilityGlobals) = postSolution
		SolutionGuid = {5BDDC938-BCE4-4635-ABF6-9E5ED6CE59F7}
	EndGlobalSection
EndGlobal
