
Microsoft Visual Studio Solution File, Format Version 12.00
# Visual Studio 15
VisualStudioVersion = 15.0.34930.48
MinimumVisualStudioVersion = 10.0.40219.1
Project("{2150E333-8FDC-42A3-9474-1A3956D46DE8}") = "Solution Items", "Solution Items", "{5A0456C4-52DE-45E9-B18A-42076F4004C6}"
	ProjectSection(SolutionItems) = preProject
		Form.css = Form.css
		Form.html = Form.html
	EndProjectSection
EndProject
Global
	GlobalSection(SolutionProperties) = preSolution
		HideSolutionNode = FALSE
	EndGlobalSection
	GlobalSection(ExtensibilityGlobals) = postSolution
		SolutionGuid = {8AE5895D-51D4-46F6-93A0-5C177200AB43}
	EndGlobalSection
EndGlobal
